
Microsoft Visual Studio Solution File, Format Version 12.00
# Visual Studio Version 17
VisualStudioVersion = 17.5.33530.505
MinimumVisualStudioVersion = 10.0.40219.1
Project("{FAE04EC0-301F-11D3-BF4B-00C04F79EFBC}") = "Shouldly.FromAssert", "Shouldly.FromAssert\Shouldly.FromAssert.csproj", "{7574EA9B-058A-494B-82DB-CE12C7D16823}"
EndProject
Project("{FAE04EC0-301F-11D3-BF4B-00C04F79EFBC}") = "Shouldly.FromAssert.Tests", "Shouldly.FromAssert.Tests\Shouldly.FromAssert.Tests.csproj", "{79FB1AC6-5159-4F72-8603-9D17BE600097}"
EndProject
Global
	GlobalSection(SolutionConfigurationPlatforms) = preSolution
		Debug|Any CPU = Debug|Any CPU
		Release|Any CPU = Release|Any CPU
	EndGlobalSection
	GlobalSection(ProjectConfigurationPlatforms) = postSolution
		{7574EA9B-058A-494B-82DB-CE12C7D16823}.Debug|Any CPU.ActiveCfg = Debug|Any CPU
		{7574EA9B-058A-494B-82DB-CE12C7D16823}.Debug|Any CPU.Build.0 = Debug|Any CPU
		{7574EA9B-058A-494B-82DB-CE12C7D16823}.Release|Any CPU.ActiveCfg = Release|Any CPU
		{7574EA9B-058A-494B-82DB-CE12C7D16823}.Release|Any CPU.Build.0 = Release|Any CPU
		{79FB1AC6-5159-4F72-8603-9D17BE600097}.Debug|Any CPU.ActiveCfg = Debug|Any CPU
		{79FB1AC6-5159-4F72-8603-9D17BE600097}.Debug|Any CPU.Build.0 = Debug|Any CPU
		{79FB1AC6-5159-4F72-8603-9D17BE600097}.Release|Any CPU.ActiveCfg = Release|Any CPU
		{79FB1AC6-5159-4F72-8603-9D17BE600097}.Release|Any CPU.Build.0 = Release|Any CPU
	EndGlobalSection
	GlobalSection(SolutionProperties) = preSolution
		HideSolutionNode = FALSE
	EndGlobalSection
	GlobalSection(ExtensibilityGlobals) = postSolution
		SolutionGuid = {C597B063-EA72-4A91-80A0-AA489B38559E}
	EndGlobalSection
EndGlobal
